Microsoft Visual Studio Solution File, Format Version 12.00
# Visual Studio Version 17
VisualStudioVersion = 17.5.2.0
MinimumVisualStudioVersion = 10.0.40219.1
Project("{FAE04EC0-301F-11D3-BF4B-00C04F79EFBC}") = "ECommerceInventory", "ECommerceInventory.csproj", "{4365C98B-0DEF-9F69-C352-E82C7760968C}"
EndProject
Global
	GlobalSection(SolutionConfigurationPlatforms) = preSolution
		Debug|Any CPU = Debug|Any CPU
		Release|Any CPU = Release|Any CPU
	EndGlobalSection
	GlobalSection(ProjectConfigurationPlatforms) = postSolution
		{4365C98B-0DEF-9F69-C352-E82C7760968C}.Debug|Any CPU.ActiveCfg = Debug|Any CPU
		{4365C98B-0DEF-9F69-C352-E82C7760968C}.Debug|Any CPU.Build.0 = Debug|Any CPU
		{4365C98B-0DEF-9F69-C352-E82C7760968C}.Release|Any CPU.ActiveCfg = Release|Any CPU
		{4365C98B-0DEF-9F69-C352-E82C7760968C}.Release|Any CPU.Build.0 = Release|Any CPU
	EndGlobalSection
	GlobalSection(SolutionProperties) = preSolution
		HideSolutionNode = FALSE
	EndGlobalSection
	GlobalSection(ExtensibilityGlobals) = postSolution
		SolutionGuid = {51C97F8C-F0FD-4E03-8C77-639785E6A310}
	EndGlobalSection
EndGlobal
